{
  "pins" : [
    {
      "identity" : "cobol-mobile",
      "kind" : "remoteSourceControl",
      "location" : "https://github.com/caarmen/cobol-mobile",
      "state" : {
        "branch" : "v0.0.5",
        "revision" : "8e2bf9e9d9a74c6fd68c6af274212c9ecb4911a0"
      }
    }
  ],
  "version" : 2
}
