{
  "pins" : [
    {
      "identity" : "cobol-mobile",
      "kind" : "remoteSourceControl",
      "location" : "https://github.com/caarmen/cobol-mobile",
      "state" : {
        "branch" : "v0.0.5",
        "revision" : "22b3fa71800fab682e660822d394d427c5732e17"
      }
    }
  ],
  "version" : 2
}
